
Microsoft Visual Studio Solution File, Format Version 12.00
# Visual Studio Version 16
VisualStudioVersion = 16.0.29503.13
MinimumVisualStudioVersion = 10.0.40219.1
Project("{FAE04EC0-301F-11D3-BF4B-00C04F79EFBC}") = "PlBot", "PlBot\PlBot.csproj", "{28A44F8B-718F-42B2-B4AD-3A1246B7A9A7}"
EndProject
Global
	GlobalSection(SolutionConfigurationPlatforms) = preSolution
		Debug|Any CPU = Debug|Any CPU
		Release|Any CPU = Release|Any CPU
	EndGlobalSection
	GlobalSection(ProjectConfigurationPlatforms) = postSolution
		{28A44F8B-718F-42B2-B4AD-3A1246B7A9A7}.Debug|Any CPU.ActiveCfg = Debug|Any CPU
		{28A44F8B-718F-42B2-B4AD-3A1246B7A9A7}.Debug|Any CPU.Build.0 = Debug|Any CPU
		{28A44F8B-718F-42B2-B4AD-3A1246B7A9A7}.Release|Any CPU.ActiveCfg = Release|Any CPU
		{28A44F8B-718F-42B2-B4AD-3A1246B7A9A7}.Release|Any CPU.Build.0 = Release|Any CPU
	EndGlobalSection
	GlobalSection(SolutionProperties) = preSolution
		HideSolutionNode = FALSE
	EndGlobalSection
	GlobalSection(ExtensibilityGlobals) = postSolution
		SolutionGuid = {8A1A1387-1660-42A7-B217-575A5A8D4191}
	EndGlobalSection
EndGlobal
